# THIS IS AN AUTOGENERATED FILE. DO NOT EDIT THIS FILE DIRECTLY.
# yarn lockfile v1


"@babel/code-frame@^7.0.0-beta.47":
  version "7.0.0-beta.49"
  resolved "https://registry.yarnpkg.com/@babel/code-frame/-/code-frame-7.0.0-beta.49.tgz#becd805482734440c9d137e46d77340e64d7f51b"
  dependencies:
    "@babel/highlight" "7.0.0-beta.49"

"@babel/highlight@7.0.0-beta.49":
  version "7.0.0-beta.49"
  resolved "https://registry.yarnpkg.com/@babel/highlight/-/highlight-7.0.0-beta.49.tgz#96bdc6b43e13482012ba6691b1018492d39622cc"
  dependencies:
    chalk "^2.0.0"
    esutils "^2.0.2"
    js-tokens "^3.0.0"

"@types/estree@0.0.39":
  version "0.0.39"
  resolved "https://registry.yarnpkg.com/@types/estree/-/estree-0.0.39.tgz#e177e699ee1b8c22d23174caaa7422644389509f"

"@types/node@*":
  version "10.3.2"
  resolved "https://registry.yarnpkg.com/@types/node/-/node-10.3.2.tgz#3840ec6c12556fdda6e0e6d036df853101d732a4"

ansi-regex@^2.0.0:
  version "2.1.1"
  resolved "https://registry.yarnpkg.com/ansi-regex/-/ansi-regex-2.1.1.tgz#c3b33ab5ee360d86e0e628f0468ae7ef27d654df"

ansi-styles@^2.2.1:
  version "2.2.1"
  resolved "https://registry.yarnpkg.com/ansi-styles/-/ansi-styles-2.2.1.tgz#b432dd3358b634cf75e1e4664368240533c1ddbe"

ansi-styles@^3.2.1:
  version "3.2.1"
  resolved "https://registry.yarnpkg.com/ansi-styles/-/ansi-styles-3.2.1.tgz#41fbb20243e50b12be0f04b8dedbf07520ce841d"
  dependencies:
    color-convert "^1.9.0"

arr-diff@^2.0.0:
  version "2.0.0"
  resolved "https://registry.yarnpkg.com/arr-diff/-/arr-diff-2.0.0.tgz#8f3b827f955a8bd669697e4a4256ac3ceae356cf"
  dependencies:
    arr-flatten "^1.0.1"

arr-flatten@^1.0.1:
  version "1.1.0"
  resolved "https://registry.yarnpkg.com/arr-flatten/-/arr-flatten-1.1.0.tgz#36048bbff4e7b47e136644316c99669ea5ae91f1"

array-unique@^0.2.1:
  version "0.2.1"
  resolved "https://registry.yarnpkg.com/array-unique/-/array-unique-0.2.1.tgz#a1d97ccafcbc2625cc70fadceb36a50c58b01a53"

babel-code-frame@^6.26.0:
  version "6.26.0"
  resolved "https://registry.yarnpkg.com/babel-code-frame/-/babel-code-frame-6.26.0.tgz#63fd43f7dc1e3bb7ce35947db8fe369a3f58c74b"
  dependencies:
    chalk "^1.1.3"
    esutils "^2.0.2"
    js-tokens "^3.0.2"

babel-helper-builder-binary-assignment-operator-visitor@^6.24.1:
  version "6.24.1"
  resolved "https://registry.yarnpkg.com/babel-helper-builder-binary-assignment-operator-visitor/-/babel-helper-builder-binary-assignment-operator-visitor-6.24.1.tgz#cce4517ada356f4220bcae8a02c2b346f9a56664"
  dependencies:
    babel-helper-explode-assignable-expression "^6.24.1"
    babel-runtime "^6.22.0"
    babel-types "^6.24.1"

babel-helper-call-delegate@^6.24.1:
  version "6.24.1"
  resolved "https://registry.yarnpkg.com/babel-helper-call-delegate/-/babel-helper-call-delegate-6.24.1.tgz#ece6aacddc76e41c3461f88bfc575bd0daa2df8d"
  dependencies:
    babel-helper-hoist-variables "^6.24.1"
    babel-runtime "^6.22.0"
    babel-traverse "^6.24.1"
    babel-types "^6.24.1"

babel-helper-define-map@^6.24.1:
  version "6.26.0"
  resolved "https://registry.yarnpkg.com/babel-helper-define-map/-/babel-helper-define-map-6.26.0.tgz#a5f56dab41a25f97ecb498c7ebaca9819f95be5f"
  dependencies:
    babel-helper-function-name "^6.24.1"
    babel-runtime "^6.26.0"
    babel-types "^6.26.0"
    lodash "^4.17.4"

babel-helper-explode-assignable-expression@^6.24.1:
  version "6.24.1"
  resolved "https://registry.yarnpkg.com/babel-helper-explode-assignable-expression/-/babel-helper-explode-assignable-expression-6.24.1.tgz#f25b82cf7dc10433c55f70592d5746400ac22caa"
  dependencies:
    babel-runtime "^6.22.0"
    babel-traverse "^6.24.1"
    babel-types "^6.24.1"

babel-helper-function-name@^6.24.1:
  version "6.24.1"
  resolved "https://registry.yarnpkg.com/babel-helper-function-name/-/babel-helper-function-name-6.24.1.tgz#d3475b8c03ed98242a25b48351ab18399d3580a9"
  dependencies:
    babel-helper-get-function-arity "^6.24.1"
    babel-runtime "^6.22.0"
    babel-template "^6.24.1"
    babel-traverse "^6.24.1"
    babel-types "^6.24.1"

babel-helper-get-function-arity@^6.24.1:
  version "6.24.1"
  resolved "https://registry.yarnpkg.com/babel-helper-get-function-arity/-/babel-helper-get-function-arity-6.24.1.tgz#8f7782aa93407c41d3aa50908f89b031b1b6853d"
  dependencies:
    babel-runtime "^6.22.0"
    babel-types "^6.24.1"

babel-helper-hoist-variables@^6.24.1:
  version "6.24.1"
  resolved "https://registry.yarnpkg.com/babel-helper-hoist-variables/-/babel-helper-hoist-variables-6.24.1.tgz#1ecb27689c9d25513eadbc9914a73f5408be7a76"
  dependencies:
    babel-runtime "^6.22.0"
    babel-types "^6.24.1"

babel-helper-optimise-call-expression@^6.24.1:
  version "6.24.1"
  resolved "https://registry.yarnpkg.com/babel-helper-optimise-call-expression/-/babel-helper-optimise-call-expression-6.24.1.tgz#f7a13427ba9f73f8f4fa993c54a97882d1244257"
  dependencies:
    babel-runtime "^6.22.0"
    babel-types "^6.24.1"

babel-helper-regex@^6.24.1:
  version "6.26.0"
  resolved "https://registry.yarnpkg.com/babel-helper-regex/-/babel-helper-regex-6.26.0.tgz#325c59f902f82f24b74faceed0363954f6495e72"
  dependencies:
    babel-runtime "^6.26.0"
    babel-types "^6.26.0"
    lodash "^4.17.4"

babel-helper-remap-async-to-generator@^6.24.1:
  version "6.24.1"
  resolved "https://registry.yarnpkg.com/babel-helper-remap-async-to-generator/-/babel-helper-remap-async-to-generator-6.24.1.tgz#5ec581827ad723fecdd381f1c928390676e4551b"
  dependencies:
    babel-helper-function-name "^6.24.1"
    babel-runtime "^6.22.0"
    babel-template "^6.24.1"
    babel-traverse "^6.24.1"
    babel-types "^6.24.1"

babel-helper-replace-supers@^6.24.1:
  version "6.24.1"
  resolved "https://registry.yarnpkg.com/babel-helper-replace-supers/-/babel-helper-replace-supers-6.24.1.tgz#bf6dbfe43938d17369a213ca8a8bf74b6a90ab1a"
  dependencies:
    babel-helper-optimise-call-expression "^6.24.1"
    babel-messages "^6.23.0"
    babel-runtime "^6.22.0"
    babel-template "^6.24.1"
    babel-traverse "^6.24.1"
    babel-types "^6.24.1"

babel-messages@^6.23.0:
  version "6.23.0"
  resolved "https://registry.yarnpkg.com/babel-messages/-/babel-messages-6.23.0.tgz#f3cdf4703858035b2a2951c6ec5edf6c62f2630e"
  dependencies:
    babel-runtime "^6.22.0"

babel-plugin-check-es2015-constants@^6.22.0:
  version "6.22.0"
  resolved "https://registry.yarnpkg.com/babel-plugin-check-es2015-constants/-/babel-plugin-check-es2015-constants-6.22.0.tgz#35157b101426fd2ffd3da3f75c7d1e91835bbf8a"
  dependencies:
    babel-runtime "^6.22.0"

babel-plugin-syntax-async-functions@^6.8.0:
  version "6.13.0"
  resolved "https://registry.yarnpkg.com/babel-plugin-syntax-async-functions/-/babel-plugin-syntax-async-functions-6.13.0.tgz#cad9cad1191b5ad634bf30ae0872391e0647be95"

babel-plugin-syntax-exponentiation-operator@^6.8.0:
  version "6.13.0"
  resolved "https://registry.yarnpkg.com/babel-plugin-syntax-exponentiation-operator/-/babel-plugin-syntax-exponentiation-operator-6.13.0.tgz#9ee7e8337290da95288201a6a57f4170317830de"

babel-plugin-syntax-flow@^6.18.0:
  version "6.18.0"
  resolved "https://registry.yarnpkg.com/babel-plugin-syntax-flow/-/babel-plugin-syntax-flow-6.18.0.tgz#4c3ab20a2af26aa20cd25995c398c4eb70310c8d"

babel-plugin-syntax-trailing-function-commas@^6.22.0:
  version "6.22.0"
  resolved "https://registry.yarnpkg.com/babel-plugin-syntax-trailing-function-commas/-/babel-plugin-syntax-trailing-function-commas-6.22.0.tgz#ba0360937f8d06e40180a43fe0d5616fff532cf3"

babel-plugin-transform-async-to-generator@^6.22.0:
  version "6.24.1"
  resolved "https://registry.yarnpkg.com/babel-plugin-transform-async-to-generator/-/babel-plugin-transform-async-to-generator-6.24.1.tgz#6536e378aff6cb1d5517ac0e40eb3e9fc8d08761"
  dependencies:
    babel-helper-remap-async-to-generator "^6.24.1"
    babel-plugin-syntax-async-functions "^6.8.0"
    babel-runtime "^6.22.0"

babel-plugin-transform-es2015-arrow-functions@^6.22.0:
  version "6.22.0"
  resolved "https://registry.yarnpkg.com/babel-plugin-transform-es2015-arrow-functions/-/babel-plugin-transform-es2015-arrow-functions-6.22.0.tgz#452692cb711d5f79dc7f85e440ce41b9f244d221"
  dependencies:
    babel-runtime "^6.22.0"

babel-plugin-transform-es2015-block-scoped-functions@^6.22.0:
  version "6.22.0"
  resolved "https://registry.yarnpkg.com/babel-plugin-transform-es2015-block-scoped-functions/-/babel-plugin-transform-es2015-block-scoped-functions-6.22.0.tgz#bbc51b49f964d70cb8d8e0b94e820246ce3a6141"
  dependencies:
    babel-runtime "^6.22.0"

babel-plugin-transform-es2015-block-scoping@^6.23.0:
  version "6.26.0"
  resolved "https://registry.yarnpkg.com/babel-plugin-transform-es2015-block-scoping/-/babel-plugin-transform-es2015-block-scoping-6.26.0.tgz#d70f5299c1308d05c12f463813b0a09e73b1895f"
  dependencies:
    babel-runtime "^6.26.0"
    babel-template "^6.26.0"
    babel-traverse "^6.26.0"
    babel-types "^6.26.0"
    lodash "^4.17.4"

babel-plugin-transform-es2015-classes@^6.23.0:
  version "6.24.1"
  resolved "https://registry.yarnpkg.com/babel-plugin-transform-es2015-classes/-/babel-plugin-transform-es2015-classes-6.24.1.tgz#5a4c58a50c9c9461e564b4b2a3bfabc97a2584db"
  dependencies:
    babel-helper-define-map "^6.24.1"
    babel-helper-function-name "^6.24.1"
    babel-helper-optimise-call-expression "^6.24.1"
    babel-helper-replace-supers "^6.24.1"
    babel-messages "^6.23.0"
    babel-runtime "^6.22.0"
    babel-template "^6.24.1"
    babel-traverse "^6.24.1"
    babel-types "^6.24.1"

babel-plugin-transform-es2015-computed-properties@^6.22.0:
  version "6.24.1"
  resolved "https://registry.yarnpkg.com/babel-plugin-transform-es2015-computed-properties/-/babel-plugin-transform-es2015-computed-properties-6.24.1.tgz#6fe2a8d16895d5634f4cd999b6d3480a308159b3"
  dependencies:
    babel-runtime "^6.22.0"
    babel-template "^6.24.1"

babel-plugin-transform-es2015-destructuring@^6.23.0:
  version "6.23.0"
  resolved "https://registry.yarnpkg.com/babel-plugin-transform-es2015-destructuring/-/babel-plugin-transform-es2015-destructuring-6.23.0.tgz#997bb1f1ab967f682d2b0876fe358d60e765c56d"
  dependencies:
    babel-runtime "^6.22.0"

babel-plugin-transform-es2015-duplicate-keys@^6.22.0:
  version "6.24.1"
  resolved "https://registry.yarnpkg.com/babel-plugin-transform-es2015-duplicate-keys/-/babel-plugin-transform-es2015-duplicate-keys-6.24.1.tgz#73eb3d310ca969e3ef9ec91c53741a6f1576423e"
  dependencies:
    babel-runtime "^6.22.0"
    babel-types "^6.24.1"

babel-plugin-transform-es2015-for-of@^6.23.0:
  version "6.23.0"
  resolved "https://registry.yarnpkg.com/babel-plugin-transform-es2015-for-of/-/babel-plugin-transform-es2015-for-of-6.23.0.tgz#f47c95b2b613df1d3ecc2fdb7573623c75248691"
  dependencies:
    babel-runtime "^6.22.0"

babel-plugin-transform-es2015-function-name@^6.22.0:
  version "6.24.1"
  resolved "https://registry.yarnpkg.com/babel-plugin-transform-es2015-function-name/-/babel-plugin-transform-es2015-function-name-6.24.1.tgz#834c89853bc36b1af0f3a4c5dbaa94fd8eacaa8b"
  dependencies:
    babel-helper-function-name "^6.24.1"
    babel-runtime "^6.22.0"
    babel-types "^6.24.1"

babel-plugin-transform-es2015-literals@^6.22.0:
  version "6.22.0"
  resolved "https://registry.yarnpkg.com/babel-plugin-transform-es2015-literals/-/babel-plugin-transform-es2015-literals-6.22.0.tgz#4f54a02d6cd66cf915280019a31d31925377ca2e"
  dependencies:
    babel-runtime "^6.22.0"

babel-plugin-transform-es2015-modules-amd@^6.22.0, babel-plugin-transform-es2015-modules-amd@^6.24.1:
  version "6.24.1"
  resolved "https://registry.yarnpkg.com/babel-plugin-transform-es2015-modules-amd/-/babel-plugin-transform-es2015-modules-amd-6.24.1.tgz#3b3e54017239842d6d19c3011c4bd2f00a00d154"
  dependencies:
    babel-plugin-transform-es2015-modules-commonjs "^6.24.1"
    babel-runtime "^6.22.0"
    babel-template "^6.24.1"

babel-plugin-transform-es2015-modules-commonjs@^6.23.0, babel-plugin-transform-es2015-modules-commonjs@^6.24.1:
  version "6.26.2"
  resolved "https://registry.yarnpkg.com/babel-plugin-transform-es2015-modules-commonjs/-/babel-plugin-transform-es2015-modules-commonjs-6.26.2.tgz#58a793863a9e7ca870bdc5a881117ffac27db6f3"
  dependencies:
    babel-plugin-transform-strict-mode "^6.24.1"
    babel-runtime "^6.26.0"
    babel-template "^6.26.0"
    babel-types "^6.26.0"

babel-plugin-transform-es2015-modules-systemjs@^6.23.0:
  version "6.24.1"
  resolved "https://registry.yarnpkg.com/babel-plugin-transform-es2015-modules-systemjs/-/babel-plugin-transform-es2015-modules-systemjs-6.24.1.tgz#ff89a142b9119a906195f5f106ecf305d9407d23"
  dependencies:
    babel-helper-hoist-variables "^6.24.1"
    babel-runtime "^6.22.0"
    babel-template "^6.24.1"

babel-plugin-transform-es2015-modules-umd@^6.23.0:
  version "6.24.1"
  resolved "https://registry.yarnpkg.com/babel-plugin-transform-es2015-modules-umd/-/babel-plugin-transform-es2015-modules-umd-6.24.1.tgz#ac997e6285cd18ed6176adb607d602344ad38468"
  dependencies:
    babel-plugin-transform-es2015-modules-amd "^6.24.1"
    babel-runtime "^6.22.0"
    babel-template "^6.24.1"

babel-plugin-transform-es2015-object-super@^6.22.0:
  version "6.24.1"
  resolved "https://registry.yarnpkg.com/babel-plugin-transform-es2015-object-super/-/babel-plugin-transform-es2015-object-super-6.24.1.tgz#24cef69ae21cb83a7f8603dad021f572eb278f8d"
  dependencies:
    babel-helper-replace-supers "^6.24.1"
    babel-runtime "^6.22.0"

babel-plugin-transform-es2015-parameters@^6.23.0:
  version "6.24.1"
  resolved "https://registry.yarnpkg.com/babel-plugin-transform-es2015-parameters/-/babel-plugin-transform-es2015-parameters-6.24.1.tgz#57ac351ab49caf14a97cd13b09f66fdf0a625f2b"
  dependencies:
    babel-helper-call-delegate "^6.24.1"
    babel-helper-get-function-arity "^6.24.1"
    babel-runtime "^6.22.0"
    babel-template "^6.24.1"
    babel-traverse "^6.24.1"
    babel-types "^6.24.1"

babel-plugin-transform-es2015-shorthand-properties@^6.22.0:
  version "6.24.1"
  resolved "https://registry.yarnpkg.com/babel-plugin-transform-es2015-shorthand-properties/-/babel-plugin-transform-es2015-shorthand-properties-6.24.1.tgz#24f875d6721c87661bbd99a4622e51f14de38aa0"
  dependencies:
    babel-runtime "^6.22.0"
    babel-types "^6.24.1"

babel-plugin-transform-es2015-spread@^6.22.0:
  version "6.22.0"
  resolved "https://registry.yarnpkg.com/babel-plugin-transform-es2015-spread/-/babel-plugin-transform-es2015-spread-6.22.0.tgz#d6d68a99f89aedc4536c81a542e8dd9f1746f8d1"
  dependencies:
    babel-runtime "^6.22.0"

babel-plugin-transform-es2015-sticky-regex@^6.22.0:
  version "6.24.1"
  resolved "https://registry.yarnpkg.com/babel-plugin-transform-es2015-sticky-regex/-/babel-plugin-transform-es2015-sticky-regex-6.24.1.tgz#00c1cdb1aca71112cdf0cf6126c2ed6b457ccdbc"
  dependencies:
    babel-helper-regex "^6.24.1"
    babel-runtime "^6.22.0"
    babel-types "^6.24.1"

babel-plugin-transform-es2015-template-literals@^6.22.0:
  version "6.22.0"
  resolved "https://registry.yarnpkg.com/babel-plugin-transform-es2015-template-literals/-/babel-plugin-transform-es2015-template-literals-6.22.0.tgz#a84b3450f7e9f8f1f6839d6d687da84bb1236d8d"
  dependencies:
    babel-runtime "^6.22.0"

babel-plugin-transform-es2015-typeof-symbol@^6.23.0:
  version "6.23.0"
  resolved "https://registry.yarnpkg.com/babel-plugin-transform-es2015-typeof-symbol/-/babel-plugin-transform-es2015-typeof-symbol-6.23.0.tgz#dec09f1cddff94b52ac73d505c84df59dcceb372"
  dependencies:
    babel-runtime "^6.22.0"

babel-plugin-transform-es2015-unicode-regex@^6.22.0:
  version "6.24.1"
  resolved "https://registry.yarnpkg.com/babel-plugin-transform-es2015-unicode-regex/-/babel-plugin-transform-es2015-unicode-regex-6.24.1.tgz#d38b12f42ea7323f729387f18a7c5ae1faeb35e9"
  dependencies:
    babel-helper-regex "^6.24.1"
    babel-runtime "^6.22.0"
    regexpu-core "^2.0.0"

babel-plugin-transform-exponentiation-operator@^6.22.0:
  version "6.24.1"
  resolved "https://registry.yarnpkg.com/babel-plugin-transform-exponentiation-operator/-/babel-plugin-transform-exponentiation-operator-6.24.1.tgz#2ab0c9c7f3098fa48907772bb813fe41e8de3a0e"
  dependencies:
    babel-helper-builder-binary-assignment-operator-visitor "^6.24.1"
    babel-plugin-syntax-exponentiation-operator "^6.8.0"
    babel-runtime "^6.22.0"

babel-plugin-transform-flow-strip-types@^6.22.0:
  version "6.22.0"
  resolved "https://registry.yarnpkg.com/babel-plugin-transform-flow-strip-types/-/babel-plugin-transform-flow-strip-types-6.22.0.tgz#84cb672935d43714fdc32bce84568d87441cf7cf"
  dependencies:
    babel-plugin-syntax-flow "^6.18.0"
    babel-runtime "^6.22.0"

babel-plugin-transform-regenerator@^6.22.0:
  version "6.26.0"
  resolved "https://registry.yarnpkg.com/babel-plugin-transform-regenerator/-/babel-plugin-transform-regenerator-6.26.0.tgz#e0703696fbde27f0a3efcacf8b4dca2f7b3a8f2f"
  dependencies:
    regenerator-transform "^0.10.0"

babel-plugin-transform-strict-mode@^6.24.1:
  version "6.24.1"
  resolved "https://registry.yarnpkg.com/babel-plugin-transform-strict-mode/-/babel-plugin-transform-strict-mode-6.24.1.tgz#d5faf7aa578a65bbe591cf5edae04a0c67020758"
  dependencies:
    babel-runtime "^6.22.0"
    babel-types "^6.24.1"

babel-preset-env@^1.7.0:
  version "1.7.0"
  resolved "https://registry.yarnpkg.com/babel-preset-env/-/babel-preset-env-1.7.0.tgz#dea79fa4ebeb883cd35dab07e260c1c9c04df77a"
  dependencies:
    babel-plugin-check-es2015-constants "^6.22.0"
    babel-plugin-syntax-trailing-function-commas "^6.22.0"
    babel-plugin-transform-async-to-generator "^6.22.0"
    babel-plugin-transform-es2015-arrow-functions "^6.22.0"
    babel-plugin-transform-es2015-block-scoped-functions "^6.22.0"
    babel-plugin-transform-es2015-block-scoping "^6.23.0"
    babel-plugin-transform-es2015-classes "^6.23.0"
    babel-plugin-transform-es2015-computed-properties "^6.22.0"
    babel-plugin-transform-es2015-destructuring "^6.23.0"
    babel-plugin-transform-es2015-duplicate-keys "^6.22.0"
    babel-plugin-transform-es2015-for-of "^6.23.0"
    babel-plugin-transform-es2015-function-name "^6.22.0"
    babel-plugin-transform-es2015-literals "^6.22.0"
    babel-plugin-transform-es2015-modules-amd "^6.22.0"
    babel-plugin-transform-es2015-modules-commonjs "^6.23.0"
    babel-plugin-transform-es2015-modules-systemjs "^6.23.0"
    babel-plugin-transform-es2015-modules-umd "^6.23.0"
    babel-plugin-transform-es2015-object-super "^6.22.0"
    babel-plugin-transform-es2015-parameters "^6.23.0"
    babel-plugin-transform-es2015-shorthand-properties "^6.22.0"
    babel-plugin-transform-es2015-spread "^6.22.0"
    babel-plugin-transform-es2015-sticky-regex "^6.22.0"
    babel-plugin-transform-es2015-template-literals "^6.22.0"
    babel-plugin-transform-es2015-typeof-symbol "^6.23.0"
    babel-plugin-transform-es2015-unicode-regex "^6.22.0"
    babel-plugin-transform-exponentiation-operator "^6.22.0"
    babel-plugin-transform-regenerator "^6.22.0"
    browserslist "^3.2.6"
    invariant "^2.2.2"
    semver "^5.3.0"

babel-preset-flow@^6.23.0:
  version "6.23.0"
  resolved "https://registry.yarnpkg.com/babel-preset-flow/-/babel-preset-flow-6.23.0.tgz#e71218887085ae9a24b5be4169affb599816c49d"
  dependencies:
    babel-plugin-transform-flow-strip-types "^6.22.0"

babel-runtime@^6.18.0, babel-runtime@^6.22.0, babel-runtime@^6.26.0:
  version "6.26.0"
  resolved "https://registry.yarnpkg.com/babel-runtime/-/babel-runtime-6.26.0.tgz#965c7058668e82b55d7bfe04ff2337bc8b5647fe"
  dependencies:
    core-js "^2.4.0"
    regenerator-runtime "^0.11.0"

babel-template@^6.24.1, babel-template@^6.26.0:
  version "6.26.0"
  resolved "https://registry.yarnpkg.com/babel-template/-/babel-template-6.26.0.tgz#de03e2d16396b069f46dd9fff8521fb1a0e35e02"
  dependencies:
    babel-runtime "^6.26.0"
    babel-traverse "^6.26.0"
    babel-types "^6.26.0"
    babylon "^6.18.0"
    lodash "^4.17.4"

babel-traverse@^6.24.1, babel-traverse@^6.26.0:
  version "6.26.0"
  resolved "https://registry.yarnpkg.com/babel-traverse/-/babel-traverse-6.26.0.tgz#46a9cbd7edcc62c8e5c064e2d2d8d0f4035766ee"
  dependencies:
    babel-code-frame "^6.26.0"
    babel-messages "^6.23.0"
    babel-runtime "^6.26.0"
    babel-types "^6.26.0"
    babylon "^6.18.0"
    debug "^2.6.8"
    globals "^9.18.0"
    invariant "^2.2.2"
    lodash "^4.17.4"

babel-types@^6.19.0, babel-types@^6.24.1, babel-types@^6.26.0:
  version "6.26.0"
  resolved "https://registry.yarnpkg.com/babel-types/-/babel-types-6.26.0.tgz#a3b073f94ab49eb6fa55cd65227a334380632497"
  dependencies:
    babel-runtime "^6.26.0"
    esutils "^2.0.2"
    lodash "^4.17.4"
    to-fast-properties "^1.0.3"

babylon@^6.18.0:
  version "6.18.0"
  resolved "https://registry.yarnpkg.com/babylon/-/babylon-6.18.0.tgz#af2f3b88fa6f5c1e4c634d1a0f8eac4f55b395e3"

balanced-match@^1.0.0:
  version "1.0.0"
  resolved "https://registry.yarnpkg.com/balanced-match/-/balanced-match-1.0.0.tgz#89b4d199ab2bee49de164ea02b89ce462d71b767"

brace-expansion@^1.1.7:
  version "1.1.11"
  resolved "https://registry.yarnpkg.com/brace-expansion/-/brace-expansion-1.1.11.tgz#3c7fcbf529d87226f3d2f52b966ff5271eb441dd"
  dependencies:
    balanced-match "^1.0.0"
    concat-map "0.0.1"

braces@^1.8.2:
  version "1.8.5"
  resolved "https://registry.yarnpkg.com/braces/-/braces-1.8.5.tgz#ba77962e12dff969d6b76711e914b737857bf6a7"
  dependencies:
    expand-range "^1.8.1"
    preserve "^0.2.0"
    repeat-element "^1.1.2"

browserslist@^3.2.6:
  version "3.2.8"
  resolved "https://registry.yarnpkg.com/browserslist/-/browserslist-3.2.8.tgz#b0005361d6471f0f5952797a76fc985f1f978fc6"
  dependencies:
    caniuse-lite "^1.0.30000844"
    electron-to-chromium "^1.3.47"

builtin-modules@^2.0.0:
  version "2.0.0"
  resolved "https://registry.yarnpkg.com/builtin-modules/-/builtin-modules-2.0.0.tgz#60b7ef5ae6546bd7deefa74b08b62a43a232648e"

caniuse-lite@^1.0.30000844:
  version "1.0.30000852"
  resolved "https://registry.yarnpkg.com/caniuse-lite/-/caniuse-lite-1.0.30000852.tgz#8b7510cec030cac7842e52beca2bf292af65f935"

chalk@^1.1.3:
  version "1.1.3"
  resolved "https://registry.yarnpkg.com/chalk/-/chalk-1.1.3.tgz#a8115c55e4a702fe4d150abd3872822a7e09fc98"
  dependencies:
    ansi-styles "^2.2.1"
    escape-string-regexp "^1.0.2"
    has-ansi "^2.0.0"
    strip-ansi "^3.0.0"
    supports-color "^2.0.0"

chalk@^2.0.0:
  version "2.4.1"
  resolved "https://registry.yarnpkg.com/chalk/-/chalk-2.4.1.tgz#18c49ab16a037b6eb0152cc83e3471338215b66e"
  dependencies:
    ansi-styles "^3.2.1"
    escape-string-regexp "^1.0.5"
    supports-color "^5.3.0"

color-convert@^1.9.0:
  version "1.9.2"
  resolved "https://registry.yarnpkg.com/color-convert/-/color-convert-1.9.2.tgz#49881b8fba67df12a96bdf3f56c0aab9e7913147"
  dependencies:
    color-name "1.1.1"

color-name@1.1.1:
  version "1.1.1"
  resolved "https://registry.yarnpkg.com/color-name/-/color-name-1.1.1.tgz#4b1415304cf50028ea81643643bd82ea05803689"

commander@~2.15.0:
  version "2.15.1"
  resolved "https://registry.yarnpkg.com/commander/-/commander-2.15.1.tgz#df46e867d0fc2aec66a34662b406a9ccafff5b0f"

concat-map@0.0.1:
  version "0.0.1"
  resolved "https://registry.yarnpkg.com/concat-map/-/concat-map-0.0.1.tgz#d8a96bd77fd68df7793a73036a3ba0d5405d477b"

core-js@^2.4.0:
  version "2.5.7"
  resolved "https://registry.yarnpkg.com/core-js/-/core-js-2.5.7.tgz#f972608ff0cead68b841a16a932d0b183791814e"

debug@^2.6.8:
  version "2.6.9"
  resolved "https://registry.yarnpkg.com/debug/-/debug-2.6.9.tgz#5d128515df134ff327e90a4c93f4e077a536341f"
  dependencies:
    ms "2.0.0"

electron-to-chromium@^1.3.47:
  version "1.3.48"
  resolved "https://registry.yarnpkg.com/electron-to-chromium/-/electron-to-chromium-1.3.48.tgz#d3b0d8593814044e092ece2108fc3ac9aea4b900"

escape-string-regexp@^1.0.2, escape-string-regexp@^1.0.5:
  version "1.0.5"
  resolved "https://registry.yarnpkg.com/escape-string-regexp/-/escape-string-regexp-1.0.5.tgz#1b61c0562190a8dff6ae3bb2cf0200ca130b86d4"

estree-walker@^0.2.1:
  version "0.2.1"
  resolved "https://registry.yarnpkg.com/estree-walker/-/estree-walker-0.2.1.tgz#bdafe8095383d8414d5dc2ecf4c9173b6db9412e"

estree-walker@^0.5.1, estree-walker@^0.5.2:
  version "0.5.2"
  resolved "https://registry.yarnpkg.com/estree-walker/-/estree-walker-0.5.2.tgz#d3850be7529c9580d815600b53126515e146dd39"

esutils@^2.0.2:
  version "2.0.2"
  resolved "https://registry.yarnpkg.com/esutils/-/esutils-2.0.2.tgz#0abf4f1caa5bcb1f7a9d8acc6dea4faaa04bac9b"

expand-brackets@^0.1.4:
  version "0.1.5"
  resolved "https://registry.yarnpkg.com/expand-brackets/-/expand-brackets-0.1.5.tgz#df07284e342a807cd733ac5af72411e581d1177b"
  dependencies:
    is-posix-bracket "^0.1.0"

expand-range@^1.8.1:
  version "1.8.2"
  resolved "https://registry.yarnpkg.com/expand-range/-/expand-range-1.8.2.tgz#a299effd335fe2721ebae8e257ec79644fc85337"
  dependencies:
    fill-range "^2.1.0"

extglob@^0.3.1:
  version "0.3.2"
  resolved "https://registry.yarnpkg.com/extglob/-/extglob-0.3.2.tgz#2e18ff3d2f49ab2765cec9023f011daa8d8349a1"
  dependencies:
    is-extglob "^1.0.0"

filename-regex@^2.0.0:
  version "2.0.1"
  resolved "https://registry.yarnpkg.com/filename-regex/-/filename-regex-2.0.1.tgz#c1c4b9bee3e09725ddb106b75c1e301fe2f18b26"

fill-range@^2.1.0:
  version "2.2.4"
  resolved "https://registry.yarnpkg.com/fill-range/-/fill-range-2.2.4.tgz#eb1e773abb056dcd8df2bfdf6af59b8b3a936565"
  dependencies:
    is-number "^2.1.0"
    isobject "^2.0.0"
    randomatic "^3.0.0"
    repeat-element "^1.1.2"
    repeat-string "^1.5.2"

for-in@^1.0.1:
  version "1.0.2"
  resolved "https://registry.yarnpkg.com/for-in/-/for-in-1.0.2.tgz#81068d295a8142ec0ac726c6e2200c30fb6d5e80"

for-own@^0.1.4:
  version "0.1.5"
  resolved "https://registry.yarnpkg.com/for-own/-/for-own-0.1.5.tgz#5265c681a4f294dabbf17c9509b6763aa84510ce"
  dependencies:
    for-in "^1.0.1"

glob-base@^0.3.0:
  version "0.3.0"
  resolved "https://registry.yarnpkg.com/glob-base/-/glob-base-0.3.0.tgz#dbb164f6221b1c0b1ccf82aea328b497df0ea3c4"
  dependencies:
    glob-parent "^2.0.0"
    is-glob "^2.0.0"

glob-parent@^2.0.0:
  version "2.0.0"
  resolved "https://registry.yarnpkg.com/glob-parent/-/glob-parent-2.0.0.tgz#81383d72db054fcccf5336daa902f182f6edbb28"
  dependencies:
    is-glob "^2.0.0"

globals@^9.18.0:
  version "9.18.0"
  resolved "https://registry.yarnpkg.com/globals/-/globals-9.18.0.tgz#aa3896b3e69b487f17e31ed2143d69a8e30c2d8a"

has-ansi@^2.0.0:
  version "2.0.0"
  resolved "https://registry.yarnpkg.com/has-ansi/-/has-ansi-2.0.0.tgz#34f5049ce1ecdf2b0649af3ef24e45ed35416d91"
  dependencies:
    ansi-regex "^2.0.0"

has-flag@^3.0.0:
  version "3.0.0"
  resolved "https://registry.yarnpkg.com/has-flag/-/has-flag-3.0.0.tgz#b5d454dc2199ae225699f3467e5a07f3b955bafd"

invariant@^2.2.2:
  version "2.2.4"
  resolved "https://registry.yarnpkg.com/invariant/-/invariant-2.2.4.tgz#610f3c92c9359ce1db616e538008d23ff35158e6"
  dependencies:
    loose-envify "^1.0.0"

is-buffer@^1.1.5:
  version "1.1.6"
  resolved "https://registry.yarnpkg.com/is-buffer/-/is-buffer-1.1.6.tgz#efaa2ea9daa0d7ab2ea13a97b2b8ad51fefbe8be"

is-dotfile@^1.0.0:
  version "1.0.3"
  resolved "https://registry.yarnpkg.com/is-dotfile/-/is-dotfile-1.0.3.tgz#a6a2f32ffd2dfb04f5ca25ecd0f6b83cf798a1e1"

is-equal-shallow@^0.1.3:
  version "0.1.3"
  resolved "https://registry.yarnpkg.com/is-equal-shallow/-/is-equal-shallow-0.1.3.tgz#2238098fc221de0bcfa5d9eac4c45d638aa1c534"
  dependencies:
    is-primitive "^2.0.0"

is-extendable@^0.1.1:
  version "0.1.1"
  resolved "https://registry.yarnpkg.com/is-extendable/-/is-extendable-0.1.1.tgz#62b110e289a471418e3ec36a617d472e301dfc89"

is-extglob@^1.0.0:
  version "1.0.0"
  resolved "https://registry.yarnpkg.com/is-extglob/-/is-extglob-1.0.0.tgz#ac468177c4943405a092fc8f29760c6ffc6206c0"

is-glob@^2.0.0, is-glob@^2.0.1:
  version "2.0.1"
  resolved "https://registry.yarnpkg.com/is-glob/-/is-glob-2.0.1.tgz#d096f926a3ded5600f3fdfd91198cb0888c2d863"
  dependencies:
    is-extglob "^1.0.0"

is-module@^1.0.0:
  version "1.0.0"
  resolved "https://registry.yarnpkg.com/is-module/-/is-module-1.0.0.tgz#3258fb69f78c14d5b815d664336b4cffb6441591"

is-number@^2.1.0:
  version "2.1.0"
  resolved "https://registry.yarnpkg.com/is-number/-/is-number-2.1.0.tgz#01fcbbb393463a548f2f466cce16dece49db908f"
  dependencies:
    kind-of "^3.0.2"

is-number@^4.0.0:
  version "4.0.0"
  resolved "https://registry.yarnpkg.com/is-number/-/is-number-4.0.0.tgz#0026e37f5454d73e356dfe6564699867c6a7f0ff"

is-posix-bracket@^0.1.0:
  version "0.1.1"
  resolved "https://registry.yarnpkg.com/is-posix-bracket/-/is-posix-bracket-0.1.1.tgz#3334dc79774368e92f016e6fbc0a88f5cd6e6bc4"

is-primitive@^2.0.0:
  version "2.0.0"
  resolved "https://registry.yarnpkg.com/is-primitive/-/is-primitive-2.0.0.tgz#207bab91638499c07b2adf240a41a87210034575"

isarray@1.0.0:
  version "1.0.0"
  resolved "https://registry.yarnpkg.com/isarray/-/isarray-1.0.0.tgz#bb935d48582cba168c06834957a54a3e07124f11"

isobject@^2.0.0:
  version "2.1.0"
  resolved "https://registry.yarnpkg.com/isobject/-/isobject-2.1.0.tgz#f065561096a3f1da2ef46272f815c840d87e0c89"
  dependencies:
    isarray "1.0.0"

js-tokens@^3.0.0, js-tokens@^3.0.2:
  version "3.0.2"
  resolved "https://registry.yarnpkg.com/js-tokens/-/js-tokens-3.0.2.tgz#9866df395102130e38f7f996bceb65443209c25b"

jsesc@~0.5.0:
  version "0.5.0"
  resolved "https://registry.yarnpkg.com/jsesc/-/jsesc-0.5.0.tgz#e7dee66e35d6fc16f710fe91d5cf69f70f08911d"

kind-of@^3.0.2:
  version "3.2.2"
  resolved "https://registry.yarnpkg.com/kind-of/-/kind-of-3.2.2.tgz#31ea21a734bab9bbb0f32466d893aea51e4a3c64"
  dependencies:
    is-buffer "^1.1.5"

kind-of@^6.0.0:
  version "6.0.2"
  resolved "https://registry.yarnpkg.com/kind-of/-/kind-of-6.0.2.tgz#01146b36a6218e64e58f3a8d66de5d7fc6f6d051"

lodash@^4.17.4:
  version "4.17.10"
  resolved "https://registry.yarnpkg.com/lodash/-/lodash-4.17.10.tgz#1b7793cf7259ea38fb3661d4d38b3260af8ae4e7"

loose-envify@^1.0.0:
  version "1.3.1"
  resolved "https://registry.yarnpkg.com/loose-envify/-/loose-envify-1.3.1.tgz#d1a8ad33fa9ce0e713d65fdd0ac8b748d478c848"
  dependencies:
    js-tokens "^3.0.0"

magic-string@^0.22.4:
  version "0.22.5"
  resolved "https://registry.yarnpkg.com/magic-string/-/magic-string-0.22.5.tgz#8e9cf5afddf44385c1da5bc2a6a0dbd10b03657e"
  dependencies:
    vlq "^0.2.2"

math-random@^1.0.1:
  version "1.0.1"
  resolved "https://registry.yarnpkg.com/math-random/-/math-random-1.0.1.tgz#8b3aac588b8a66e4975e3cdea67f7bb329601fac"

micromatch@^2.3.11:
  version "2.3.11"
  resolved "https://registry.yarnpkg.com/micromatch/-/micromatch-2.3.11.tgz#86677c97d1720b363431d04d0d15293bd38c1565"
  dependencies:
    arr-diff "^2.0.0"
    array-unique "^0.2.1"
    braces "^1.8.2"
    expand-brackets "^0.1.4"
    extglob "^0.3.1"
    filename-regex "^2.0.0"
    is-extglob "^1.0.0"
    is-glob "^2.0.1"
    kind-of "^3.0.2"
    normalize-path "^2.0.1"
    object.omit "^2.0.0"
    parse-glob "^3.0.4"
    regex-cache "^0.4.2"

minimatch@^3.0.2:
  version "3.0.4"
  resolved "https://registry.yarnpkg.com/minimatch/-/minimatch-3.0.4.tgz#5166e286457f03306064be5497e8dbb0c3d32083"
  dependencies:
    brace-expansion "^1.1.7"

ms@2.0.0:
  version "2.0.0"
  resolved "https://registry.yarnpkg.com/ms/-/ms-2.0.0.tgz#5608aeadfc00be6c2901df5f9861788de0d597c8"

normalize-path@^2.0.1:
  version "2.1.1"
  resolved "https://registry.yarnpkg.com/normalize-path/-/normalize-path-2.1.1.tgz#1ab28b556e198363a8c1a6f7e6fa20137fe6aed9"
  dependencies:
    remove-trailing-separator "^1.0.1"

object.omit@^2.0.0:
  version "2.0.1"
  resolved "https://registry.yarnpkg.com/object.omit/-/object.omit-2.0.1.tgz#1a9c744829f39dbb858c76ca3579ae2a54ebd1fa"
  dependencies:
    for-own "^0.1.4"
    is-extendable "^0.1.1"

parse-glob@^3.0.4:
  version "3.0.4"
  resolved "https://registry.yarnpkg.com/parse-glob/-/parse-glob-3.0.4.tgz#b2c376cfb11f35513badd173ef0bb6e3a388391c"
  dependencies:
    glob-base "^0.3.0"
    is-dotfile "^1.0.0"
    is-extglob "^1.0.0"
    is-glob "^2.0.0"

path-parse@^1.0.5:
  version "1.0.5"
  resolved "https://registry.yarnpkg.com/path-parse/-/path-parse-1.0.5.tgz#3c1adf871ea9cd6c9431b6ea2bd74a0ff055c4c1"

preserve@^0.2.0:
  version "0.2.0"
  resolved "https://registry.yarnpkg.com/preserve/-/preserve-0.2.0.tgz#815ed1f6ebc65926f865b310c0713bcb3315ce4b"

private@^0.1.6:
  version "0.1.8"
  resolved "https://registry.yarnpkg.com/private/-/private-0.1.8.tgz#2381edb3689f7a53d653190060fcf822d2f368ff"

randomatic@^3.0.0:
  version "3.0.0"
  resolved "https://registry.yarnpkg.com/randomatic/-/randomatic-3.0.0.tgz#d35490030eb4f7578de292ce6dfb04a91a128923"
  dependencies:
    is-number "^4.0.0"
    kind-of "^6.0.0"
    math-random "^1.0.1"

regenerate@^1.2.1:
  version "1.4.0"
  resolved "https://registry.yarnpkg.com/regenerate/-/regenerate-1.4.0.tgz#4a856ec4b56e4077c557589cae85e7a4c8869a11"

regenerator-runtime@^0.11.0:
  version "0.11.1"
  resolved "https://registry.yarnpkg.com/regenerator-runtime/-/regenerator-runtime-0.11.1.tgz#be05ad7f9bf7d22e056f9726cee5017fbf19e2e9"

regenerator-transform@^0.10.0:
  version "0.10.1"
  resolved "https://registry.yarnpkg.com/regenerator-transform/-/regenerator-transform-0.10.1.tgz#1e4996837231da8b7f3cf4114d71b5691a0680dd"
  dependencies:
    babel-runtime "^6.18.0"
    babel-types "^6.19.0"
    private "^0.1.6"

regex-cache@^0.4.2:
  version "0.4.4"
  resolved "https://registry.yarnpkg.com/regex-cache/-/regex-cache-0.4.4.tgz#75bdc58a2a1496cec48a12835bc54c8d562336dd"
  dependencies:
    is-equal-shallow "^0.1.3"

regexpu-core@^2.0.0:
  version "2.0.0"
  resolved "https://registry.yarnpkg.com/regexpu-core/-/regexpu-core-2.0.0.tgz#49d038837b8dcf8bfa5b9a42139938e6ea2ae240"
  dependencies:
    regenerate "^1.2.1"
    regjsgen "^0.2.0"
    regjsparser "^0.1.4"

regjsgen@^0.2.0:
  version "0.2.0"
  resolved "https://registry.yarnpkg.com/regjsgen/-/regjsgen-0.2.0.tgz#6c016adeac554f75823fe37ac05b92d5a4edb1f7"

regjsparser@^0.1.4:
  version "0.1.5"
  resolved "https://registry.yarnpkg.com/regjsparser/-/regjsparser-0.1.5.tgz#7ee8f84dc6fa792d3fd0ae228d24bd949ead205c"
  dependencies:
    jsesc "~0.5.0"

remove-trailing-separator@^1.0.1:
  version "1.1.0"
  resolved "https://registry.yarnpkg.com/remove-trailing-separator/-/remove-trailing-separator-1.1.0.tgz#c24bce2a283adad5bc3f58e0d48249b92379d8ef"

repeat-element@^1.1.2:
  version "1.1.2"
  resolved "https://registry.yarnpkg.com/repeat-element/-/repeat-element-1.1.2.tgz#ef089a178d1483baae4d93eb98b4f9e4e11d990a"

repeat-string@^1.5.2:
  version "1.6.1"
  resolved "https://registry.yarnpkg.com/repeat-string/-/repeat-string-1.6.1.tgz#8dcae470e1c88abc2d600fff4a776286da75e637"

resolve@^1.1.6, resolve@^1.5.0:
  version "1.7.1"
  resolved "https://registry.yarnpkg.com/resolve/-/resolve-1.7.1.tgz#aadd656374fd298aee895bc026b8297418677fd3"
  dependencies:
    path-parse "^1.0.5"

rollup-plugin-babel@^3.0.4:
  version "3.0.4"
  resolved "https://registry.yarnpkg.com/rollup-plugin-babel/-/rollup-plugin-babel-3.0.4.tgz#41b3e762fe64450dd61da3105a2cf7ad76be4edc"
  dependencies:
    rollup-pluginutils "^1.5.0"

rollup-plugin-commonjs@^9.1.3:
  version "9.1.3"
  resolved "https://registry.yarnpkg.com/rollup-plugin-commonjs/-/rollup-plugin-commonjs-9.1.3.tgz#37bfbf341292ea14f512438a56df8f9ca3ba4d67"
  dependencies:
    estree-walker "^0.5.1"
    magic-string "^0.22.4"
    resolve "^1.5.0"
    rollup-pluginutils "^2.0.1"

rollup-plugin-json@^3.0.0:
  version "3.0.0"
  resolved "https://registry.yarnpkg.com/rollup-plugin-json/-/rollup-plugin-json-3.0.0.tgz#aeed2ff36e6c4fd0c60c4a8fc3d0884479e9dfce"
  dependencies:
    rollup-pluginutils "^2.2.0"

rollup-plugin-node-resolve@^3.3.0:
  version "3.3.0"
  resolved "https://registry.yarnpkg.com/rollup-plugin-node-resolve/-/rollup-plugin-node-resolve-3.3.0.tgz#c26d110a36812cbefa7ce117cadcd3439aa1c713"
  dependencies:
    builtin-modules "^2.0.0"
    is-module "^1.0.0"
    resolve "^1.1.6"

rollup-plugin-uglify@^4.0.0:
  version "4.0.0"
  resolved "https://registry.yarnpkg.com/rollup-plugin-uglify/-/rollup-plugin-uglify-4.0.0.tgz#6eb471738f1ce9ba7d9d4bc43b71cba02417c8fb"
  dependencies:
    "@babel/code-frame" "^7.0.0-beta.47"
    uglify-js "^3.3.25"

rollup-pluginutils@^1.5.0:
  version "1.5.2"
  resolved "https://registry.yarnpkg.com/rollup-pluginutils/-/rollup-pluginutils-1.5.2.tgz#1e156e778f94b7255bfa1b3d0178be8f5c552408"
  dependencies:
    estree-walker "^0.2.1"
    minimatch "^3.0.2"

rollup-pluginutils@^2.0.1, rollup-pluginutils@^2.2.0:
  version "2.3.0"
  resolved "https://registry.yarnpkg.com/rollup-pluginutils/-/rollup-pluginutils-2.3.0.tgz#478ace04bd7f6da2e724356ca798214884738fc4"
  dependencies:
    estree-walker "^0.5.2"
    micromatch "^2.3.11"

rollup@^0.60.2:
  version "0.60.2"
  resolved "https://registry.yarnpkg.com/rollup/-/rollup-0.60.2.tgz#9635fea3c2f32095c35cda7bfc2816c675de2da4"
  dependencies:
    "@types/estree" "0.0.39"
    "@types/node" "*"

semver@^5.3.0:
  version "5.5.0"
  resolved "https://registry.yarnpkg.com/semver/-/semver-5.5.0.tgz#dc4bbc7a6ca9d916dee5d43516f0092b58f7b8ab"

source-map@~0.6.1:
  version "0.6.1"
  resolved "https://registry.yarnpkg.com/source-map/-/source-map-0.6.1.tgz#74722af32e9614e9c287a8d0bbde48b5e2f1a263"

strip-ansi@^3.0.0:
  version "3.0.1"
  resolved "https://registry.yarnpkg.com/strip-ansi/-/strip-ansi-3.0.1.tgz#6a385fb8853d952d5ff05d0e8aaf94278dc63dcf"
  dependencies:
    ansi-regex "^2.0.0"

supports-color@^2.0.0:
  version "2.0.0"
  resolved "https://registry.yarnpkg.com/supports-color/-/supports-color-2.0.0.tgz#535d045ce6b6363fa40117084629995e9df324c7"

supports-color@^5.3.0:
  version "5.4.0"
  resolved "https://registry.yarnpkg.com/supports-color/-/supports-color-5.4.0.tgz#1c6b337402c2137605efe19f10fec390f6faab54"
  dependencies:
    has-flag "^3.0.0"

to-fast-properties@^1.0.3:
  version "1.0.3"
  resolved "https://registry.yarnpkg.com/to-fast-properties/-/to-fast-properties-1.0.3.tgz#b83571fa4d8c25b82e231b06e3a3055de4ca1a47"

uglify-js@^3.3.25:
  version "3.4.0"
  resolved "https://registry.yarnpkg.com/uglify-js/-/uglify-js-3.4.0.tgz#796762282b5b5f0eafe7d5c8c708d1d7bd5ba11d"
  dependencies:
    commander "~2.15.0"
    source-map "~0.6.1"

vlq@^0.2.2:
  version "0.2.3"
  resolved "https://registry.yarnpkg.com/vlq/-/vlq-0.2.3.tgz#8f3e4328cf63b1540c0d67e1b2778386f8975b26"
